
Microsoft Visual Studio Solution File, Format Version 12.00
# Visual Studio Version 17
VisualStudioVersion = 17.3.32922.545
MinimumVisualStudioVersion = 10.0.40219.1
Project("{FAE04EC0-301F-11D3-BF4B-00C04F79EFBC}") = "Assignment3Part1-DilpreetChinna", "Assignment3Part1-DilpreetChinna\Assignment3Part1-DilpreetChinna.csproj", "{949A5918-7EB1-4722-9136-802A30DC5187}"
EndProject
Global
	GlobalSection(SolutionConfigurationPlatforms) = preSolution
		Debug|Any CPU = Debug|Any CPU
		Release|Any CPU = Release|Any CPU
	EndGlobalSection
	GlobalSection(ProjectConfigurationPlatforms) = postSolution
		{949A5918-7EB1-4722-9136-802A30DC5187}.Debug|Any CPU.ActiveCfg = Debug|Any CPU
		{949A5918-7EB1-4722-9136-802A30DC5187}.Debug|Any CPU.Build.0 = Debug|Any CPU
		{949A5918-7EB1-4722-9136-802A30DC5187}.Release|Any CPU.ActiveCfg = Release|Any CPU
		{949A5918-7EB1-4722-9136-802A30DC5187}.Release|Any CPU.Build.0 = Release|Any CPU
	EndGlobalSection
	GlobalSection(SolutionProperties) = preSolution
		HideSolutionNode = FALSE
	EndGlobalSection
	GlobalSection(ExtensibilityGlobals) = postSolution
		SolutionGuid = {27C3260E-CF55-4943-9114-B7DDE2C313C2}
	EndGlobalSection
EndGlobal
